
Microsoft Visual Studio Solution File, Format Version 12.00
# Visual Studio 2012
Project("{FAE04EC0-301F-11D3-BF4B-00C04F79EFBC}") = "jqGridandWCF", "jqGridandWCF\jqGridandWCF.csproj", "{AA384727-4EAA-466E-B2EE-3E27CF2A8515}"
EndProject
Global
	GlobalSection(SolutionConfigurationPlatforms) = preSolution
		Debug|Any CPU = Debug|Any CPU
		Release|Any CPU = Release|Any CPU
	EndGlobalSection
	GlobalSection(ProjectConfigurationPlatforms) = postSolution
		{AA384727-4EAA-466E-B2EE-3E27CF2A8515}.Debug|Any CPU.ActiveCfg = Debug|Any CPU
		{AA384727-4EAA-466E-B2EE-3E27CF2A8515}.Debug|Any CPU.Build.0 = Debug|Any CPU
		{AA384727-4EAA-466E-B2EE-3E27CF2A8515}.Release|Any CPU.ActiveCfg = Release|Any CPU
		{AA384727-4EAA-466E-B2EE-3E27CF2A8515}.Release|Any CPU.Build.0 = Release|Any CPU
	EndGlobalSection
	GlobalSection(SolutionProperties) = preSolution
		HideSolutionNode = FALSE
	EndGlobalSection
EndGlobal
