
Microsoft Visual Studio Solution File, Format Version 12.00
# Visual Studio 15
VisualStudioVersion = 15.0.28010.2016
MinimumVisualStudioVersion = 10.0.40219.1
Project("{FAE04EC0-301F-11D3-BF4B-00C04F79EFBC}") = "jose_jwt_Sample", "jose_jwt_Sample\jose_jwt_Sample.csproj", "{07EBEBF6-3824-4128-BD57-C429633AC70C}"
EndProject
Global
	GlobalSection(SolutionConfigurationPlatforms) = preSolution
		Debug|Any CPU = Debug|Any CPU
		Release|Any CPU = Release|Any CPU
	EndGlobalSection
	GlobalSection(ProjectConfigurationPlatforms) = postSolution
		{07EBEBF6-3824-4128-BD57-C429633AC70C}.Debug|Any CPU.ActiveCfg = Debug|Any CPU
		{07EBEBF6-3824-4128-BD57-C429633AC70C}.Debug|Any CPU.Build.0 = Debug|Any CPU
		{07EBEBF6-3824-4128-BD57-C429633AC70C}.Release|Any CPU.ActiveCfg = Release|Any CPU
		{07EBEBF6-3824-4128-BD57-C429633AC70C}.Release|Any CPU.Build.0 = Release|Any CPU
	EndGlobalSection
	GlobalSection(SolutionProperties) = preSolution
		HideSolutionNode = FALSE
	EndGlobalSection
	GlobalSection(ExtensibilityGlobals) = postSolution
		SolutionGuid = {2839F6B2-1CF7-4980-8170-A0272A46E932}
	EndGlobalSection
EndGlobal
