
Microsoft Visual Studio Solution File, Format Version 12.00
# Visual Studio 15
VisualStudioVersion = 15.0.27004.2005
MinimumVisualStudioVersion = 10.0.40219.1
Project("{FAE04EC0-301F-11D3-BF4B-00C04F79EFBC}") = "ResourceServer", "ResourceServer\ResourceServer.csproj", "{B4102035-4C6E-4940-A6C3-04C73D52AD49}"
EndProject
Global
	GlobalSection(SolutionConfigurationPlatforms) = preSolution
		Debug|Any CPU = Debug|Any CPU
		Release|Any CPU = Release|Any CPU
	EndGlobalSection
	GlobalSection(ProjectConfigurationPlatforms) = postSolution
		{B4102035-4C6E-4940-A6C3-04C73D52AD49}.Debug|Any CPU.ActiveCfg = Debug|Any CPU
		{B4102035-4C6E-4940-A6C3-04C73D52AD49}.Debug|Any CPU.Build.0 = Debug|Any CPU
		{B4102035-4C6E-4940-A6C3-04C73D52AD49}.Release|Any CPU.ActiveCfg = Release|Any CPU
		{B4102035-4C6E-4940-A6C3-04C73D52AD49}.Release|Any CPU.Build.0 = Release|Any CPU
	EndGlobalSection
	GlobalSection(SolutionProperties) = preSolution
		HideSolutionNode = FALSE
	EndGlobalSection
	GlobalSection(ExtensibilityGlobals) = postSolution
		SolutionGuid = {54DDE7FA-6FA1-4FA1-8A65-9F9AF6376202}
	EndGlobalSection
EndGlobal
