
Microsoft Visual Studio Solution File, Format Version 12.00
# Visual Studio Version 16
VisualStudioVersion = 16.0.30717.126
MinimumVisualStudioVersion = 10.0.40219.1
Project("{9A19103F-16F7-4668-BE54-9A1E7A4F7556}") = "mySparkBatchApp", "mySparkBatchApp\mySparkBatchApp.csproj", "{1C6EC355-954D-4090-812C-8A77856BE22E}"
EndProject
Global
	GlobalSection(SolutionConfigurationPlatforms) = preSolution
		Debug|Any CPU = Debug|Any CPU
		Release|Any CPU = Release|Any CPU
	EndGlobalSection
	GlobalSection(ProjectConfigurationPlatforms) = postSolution
		{1C6EC355-954D-4090-812C-8A77856BE22E}.Debug|Any CPU.ActiveCfg = Debug|Any CPU
		{1C6EC355-954D-4090-812C-8A77856BE22E}.Debug|Any CPU.Build.0 = Debug|Any CPU
		{1C6EC355-954D-4090-812C-8A77856BE22E}.Release|Any CPU.ActiveCfg = Release|Any CPU
		{1C6EC355-954D-4090-812C-8A77856BE22E}.Release|Any CPU.Build.0 = Release|Any CPU
	EndGlobalSection
	GlobalSection(SolutionProperties) = preSolution
		HideSolutionNode = FALSE
	EndGlobalSection
	GlobalSection(ExtensibilityGlobals) = postSolution
		SolutionGuid = {2105A144-A409-4E75-9511-D63CA8D55072}
	EndGlobalSection
EndGlobal
