
Microsoft Visual Studio Solution File, Format Version 10.00
# Visual Studio 2008
Project("{FAE04EC0-301F-11D3-BF4B-00C04F79EFBC}") = "InterProcComm", "InterProcComm.csproj", "{441DC06C-A915-4582-AA24-08F8E735F5A3}"
EndProject
Project("{FAE04EC0-301F-11D3-BF4B-00C04F79EFBC}") = "Util", "Util\Util.csproj", "{B3D22B9F-7EF6-47A4-B957-EF97276A9A04}"
EndProject
Global
	GlobalSection(SolutionConfigurationPlatforms) = preSolution
		Debug|Any CPU = Debug|Any CPU
		Release|Any CPU = Release|Any CPU
	EndGlobalSection
	GlobalSection(ProjectConfigurationPlatforms) = postSolution
		{441DC06C-A915-4582-AA24-08F8E735F5A3}.Debug|Any CPU.ActiveCfg = Debug|Any CPU
		{441DC06C-A915-4582-AA24-08F8E735F5A3}.Debug|Any CPU.Build.0 = Debug|Any CPU
		{441DC06C-A915-4582-AA24-08F8E735F5A3}.Release|Any CPU.ActiveCfg = Release|Any CPU
		{441DC06C-A915-4582-AA24-08F8E735F5A3}.Release|Any CPU.Build.0 = Release|Any CPU
		{B3D22B9F-7EF6-47A4-B957-EF97276A9A04}.Debug|Any CPU.ActiveCfg = Debug|Any CPU
		{B3D22B9F-7EF6-47A4-B957-EF97276A9A04}.Debug|Any CPU.Build.0 = Debug|Any CPU
		{B3D22B9F-7EF6-47A4-B957-EF97276A9A04}.Release|Any CPU.ActiveCfg = Release|Any CPU
		{B3D22B9F-7EF6-47A4-B957-EF97276A9A04}.Release|Any CPU.Build.0 = Release|Any CPU
	EndGlobalSection
	GlobalSection(SolutionProperties) = preSolution
		HideSolutionNode = FALSE
	EndGlobalSection
EndGlobal
