
Microsoft Visual Studio Solution File, Format Version 12.00
# Visual Studio Version 16
VisualStudioVersion = 16.0.29209.62
MinimumVisualStudioVersion = 10.0.40219.1
Project("{FAE04EC0-301F-11D3-BF4B-00C04F79EFBC}") = "TestBinarySerializeXplat", "net46\TestBinarySerializeXplat.csproj", "{9B0A7A47-FB5D-4F3E-BD11-A6B86D555868}"
EndProject
Global
	GlobalSection(SolutionConfigurationPlatforms) = preSolution
		Debug|Any CPU = Debug|Any CPU
		Release|Any CPU = Release|Any CPU
	EndGlobalSection
	GlobalSection(ProjectConfigurationPlatforms) = postSolution
		{9B0A7A47-FB5D-4F3E-BD11-A6B86D555868}.Debug|Any CPU.ActiveCfg = Debug|Any CPU
		{9B0A7A47-FB5D-4F3E-BD11-A6B86D555868}.Debug|Any CPU.Build.0 = Debug|Any CPU
		{9B0A7A47-FB5D-4F3E-BD11-A6B86D555868}.Release|Any CPU.ActiveCfg = Release|Any CPU
		{9B0A7A47-FB5D-4F3E-BD11-A6B86D555868}.Release|Any CPU.Build.0 = Release|Any CPU
	EndGlobalSection
	GlobalSection(SolutionProperties) = preSolution
		HideSolutionNode = FALSE
	EndGlobalSection
	GlobalSection(ExtensibilityGlobals) = postSolution
		SolutionGuid = {AA3AFF0F-2870-4F20-8A86-5E8C1010AF3F}
	EndGlobalSection
EndGlobal
