
Microsoft Visual Studio Solution File, Format Version 10.00
# Visual Studio 2008
Project("{8BC9CEB8-8B4A-11D0-8D11-00A0C91BC942}") = "VC_Client2", "VC_Client2.vcproj", "{99FCBBF0-AE8F-43CA-8F7F-AB08279C6CEC}"
EndProject
Global
	GlobalSection(SolutionConfigurationPlatforms) = preSolution
		Debug|Win32 = Debug|Win32
		Release|Win32 = Release|Win32
	EndGlobalSection
	GlobalSection(ProjectConfigurationPlatforms) = postSolution
		{99FCBBF0-AE8F-43CA-8F7F-AB08279C6CEC}.Debug|Win32.ActiveCfg = Debug|Win32
		{99FCBBF0-AE8F-43CA-8F7F-AB08279C6CEC}.Debug|Win32.Build.0 = Debug|Win32
		{99FCBBF0-AE8F-43CA-8F7F-AB08279C6CEC}.Release|Win32.ActiveCfg = Release|Win32
		{99FCBBF0-AE8F-43CA-8F7F-AB08279C6CEC}.Release|Win32.Build.0 = Release|Win32
	EndGlobalSection
	GlobalSection(SolutionProperties) = preSolution
		HideSolutionNode = FALSE
	EndGlobalSection
EndGlobal
