
Microsoft Visual Studio Solution File, Format Version 12.00
# Visual Studio 15
VisualStudioVersion = 15.0.28010.2003
MinimumVisualStudioVersion = 10.0.40219.1
Project("{FAE04EC0-301F-11D3-BF4B-00C04F79EFBC}") = "ASPNETIdentity32Sample", "ASPNETIdentity32Sample\ASPNETIdentity32Sample.csproj", "{24A78EDD-20EC-45AA-8275-D570F6E33DC9}"
EndProject
Global
	GlobalSection(SolutionConfigurationPlatforms) = preSolution
		Debug|Any CPU = Debug|Any CPU
		Release|Any CPU = Release|Any CPU
	EndGlobalSection
	GlobalSection(ProjectConfigurationPlatforms) = postSolution
		{24A78EDD-20EC-45AA-8275-D570F6E33DC9}.Debug|Any CPU.ActiveCfg = Debug|Any CPU
		{24A78EDD-20EC-45AA-8275-D570F6E33DC9}.Debug|Any CPU.Build.0 = Debug|Any CPU
		{24A78EDD-20EC-45AA-8275-D570F6E33DC9}.Release|Any CPU.ActiveCfg = Release|Any CPU
		{24A78EDD-20EC-45AA-8275-D570F6E33DC9}.Release|Any CPU.Build.0 = Release|Any CPU
	EndGlobalSection
	GlobalSection(SolutionProperties) = preSolution
		HideSolutionNode = FALSE
	EndGlobalSection
	GlobalSection(ExtensibilityGlobals) = postSolution
		SolutionGuid = {5902FBF8-9872-482D-80B8-5CA2A58BFBC8}
	EndGlobalSection
EndGlobal
