
Microsoft Visual Studio Solution File, Format Version 12.00
# Visual Studio 15
VisualStudioVersion = 15.0.28010.2003
MinimumVisualStudioVersion = 10.0.40219.1
Project("{FAE04EC0-301F-11D3-BF4B-00C04F79EFBC}") = "TestClassLibrary1", "TestClassLibrary1\TestClassLibrary1_netstd.csproj", "{28C8BB14-A976-4936-B7D7-58E6A49E9A44}"
EndProject
Global
	GlobalSection(SolutionConfigurationPlatforms) = preSolution
		Debug|Any CPU = Debug|Any CPU
		Release|Any CPU = Release|Any CPU
	EndGlobalSection
	GlobalSection(ProjectConfigurationPlatforms) = postSolution
		{28C8BB14-A976-4936-B7D7-58E6A49E9A44}.Debug|Any CPU.ActiveCfg = Debug|Any CPU
		{28C8BB14-A976-4936-B7D7-58E6A49E9A44}.Debug|Any CPU.Build.0 = Debug|Any CPU
		{28C8BB14-A976-4936-B7D7-58E6A49E9A44}.Release|Any CPU.ActiveCfg = Release|Any CPU
		{28C8BB14-A976-4936-B7D7-58E6A49E9A44}.Release|Any CPU.Build.0 = Release|Any CPU
	EndGlobalSection
	GlobalSection(SolutionProperties) = preSolution
		HideSolutionNode = FALSE
	EndGlobalSection
	GlobalSection(ExtensibilityGlobals) = postSolution
		SolutionGuid = {2B3A83BC-BF7B-4B71-8901-F9ECEB87132D}
	EndGlobalSection
EndGlobal
