{
  "requires": true,
  "lockfileVersion": 1,
  "dependencies": {
    "moji": {
      "version": "0.5.1",
      "resolved": "https://registry.npmjs.org/moji/-/moji-0.5.1.tgz",
      "integrity": "sha1-CI7s0cIsjzGiQK3PnJXlTzPrVPs=",
      "requires": {
        "object-assign": "^3.0.0"
      }
    },
    "object-assign": {
      "version": "3.0.0",
      "resolved": "https://registry.npmjs.org/object-assign/-/object-assign-3.0.0.tgz",
      "integrity": "sha1-m+3VygiXlJvKR+f/QIBi1Un1h/I="
    },
    "ossc-test-library1": {
      "version": "0.0.1",
      "resolved": "https://registry.npmjs.org/ossc-test-library1/-/ossc-test-library1-0.0.1.tgz",
      "integrity": "sha512-3ZGWfrMlk30s+M2OR/hOsQuMRvYUbKs+Tgv7KUdFRF+PRmdaA/wl4izzOXo93ycM4csjjGzPq7hBtdmqC+R68Q==",
      "requires": {
        "moji": "^0.5.1"
      }
    }
  }
}
